
Microsoft Visual Studio Solution File, Format Version 11.00
# Visual Studio 2010
Project("{8BC9CEB8-8B4A-11D0-8D11-00A0C91BC942}") = "lscan3", "lscan3.vcxproj", "{50F5EDAF-7358-4975-ACB4-20A330C7431A}"
EndProject
Global
	GlobalSection(SolutionConfigurationPlatforms) = preSolution
		Debug|Win32 = Debug|Win32
		Release|Win32 = Release|Win32
	EndGlobalSection
	GlobalSection(ProjectConfigurationPlatforms) = postSolution
		{50F5EDAF-7358-4975-ACB4-20A330C7431A}.Debug|Win32.ActiveCfg = Debug|Win32
		{50F5EDAF-7358-4975-ACB4-20A330C7431A}.Debug|Win32.Build.0 = Debug|Win32
		{50F5EDAF-7358-4975-ACB4-20A330C7431A}.Release|Win32.ActiveCfg = Release|Win32
		{50F5EDAF-7358-4975-ACB4-20A330C7431A}.Release|Win32.Build.0 = Release|Win32
	EndGlobalSection
	GlobalSection(SolutionProperties) = preSolution
		HideSolutionNode = FALSE
	EndGlobalSection
EndGlobal
